{
  "name": "@typemagic/sql",
  "version": "1.0.0",
  "lockfileVersion": 2,
  "requires": true,
  "packages": {
    "": {
      "name": "@typemagic/sql",
      "version": "1.0.0",
      "license": "ISC",
      "dependencies": {
        "@scaleleap/pg-format": "^1.0.0"
      },
      "devDependencies": {}
    },
    "node_modules/@scaleleap/pg-format": {
      "version": "1.0.0",
      "resolved": "https://registry.npmjs.org/@scaleleap/pg-format/-/pg-format-1.0.0.tgz",
      "integrity": "sha512-gFkcYMnpeylF2OJ30FsDBjwICB9JTiZ5i3guPwdiBDrJFwIKr+Zk6jwI8Mg22a4FwXn5ezd5cHEFMKqBqBz4RQ=="
    }
  },
  "dependencies": {
    "@scaleleap/pg-format": {
      "version": "1.0.0",
      "resolved": "https://registry.npmjs.org/@scaleleap/pg-format/-/pg-format-1.0.0.tgz",
      "integrity": "sha512-gFkcYMnpeylF2OJ30FsDBjwICB9JTiZ5i3guPwdiBDrJFwIKr+Zk6jwI8Mg22a4FwXn5ezd5cHEFMKqBqBz4RQ=="
    }
  }
}
